<?xml version="1.0"?>
<plist version="1.0">
	<dict>
		<key>archiveVersion</key>
		<string>1</string>
		<key>classes</key>
		<dict />
		<key>objectVersion</key>
		<string>46</string>
		<key>objects</key>
		<dict>
			<key>6B50508F4F4A95F79669236A</key>
			<dict>
				<key>explicitFileType</key>
				<string>sourcecode.c.h</string>
				<key>fileEncoding</key>
				<string>30</string>
				<key>isa</key>
				<string>PBXFileReference</string>
				<key>name</key>
				<string>StreamFileModels.h</string>
				<key>path</key>
				<string>../../../addons/ofxOrbbecAstra/libs/astra/include/common/serialization/StreamFileModels.h</string>
				<key>sourceTree</key>
				<string>SOURCE_ROOT</string>
			</dict>
			<key>C4BC09D203CB11F5790CCE7A</key>
			<dict>
				<key>explicitFileType</key>
				<string>sourcecode.c.h</string>
				<key>fileEncoding</key>
				<string>30</string>
				<key>isa</key>
				<string>PBXFileReference</string>
				<key>name</key>
				<string>FrameStreamWriter.h</string>
				<key>path</key>
				<string>../../../addons/ofxOrbbecAstra/libs/astra/include/common/serialization/FrameStreamWriter.h</string>
				<key>sourceTree</key>
				<string>SOURCE_ROOT</string>
			</dict>
			<key>C0E6606D094536785E6FD7F0</key>
			<dict>
				<key>explicitFileType</key>
				<string>sourcecode.c.h</string>
				<key>fileEncoding</key>
				<string>30</string>
				<key>isa</key>
				<string>PBXFileReference</string>
				<key>name</key>
				<string>FrameStreamReader.h</string>
				<key>path</key>
				<string>../../../addons/ofxOrbbecAstra/libs/astra/include/common/serialization/FrameStreamReader.h</string>
				<key>sourceTree</key>
				<string>SOURCE_ROOT</string>
			</dict>
			<key>A5EA26A52208EB54B04A3BC3</key>
			<dict>
				<key>explicitFileType</key>
				<string>sourcecode.c.h</string>
				<key>fileEncoding</key>
				<string>30</string>
				<key>isa</key>
				<string>PBXFileReference</string>
				<key>name</key>
				<string>FrameOutputStream.h</string>
				<key>path</key>
				<string>../../../addons/ofxOrbbecAstra/libs/astra/include/common/serialization/FrameOutputStream.h</string>
				<key>sourceTree</key>
				<string>SOURCE_ROOT</string>
			</dict>
			<key>83F225385B2C85525314DEBC</key>
			<dict>
				<key>children</key>
				<array>
					<string>F3FCDB9BABC73CB55ADDD983</string>
					<string>A5EA26A52208EB54B04A3BC3</string>
					<string>C0E6606D094536785E6FD7F0</string>
					<string>C4BC09D203CB11F5790CCE7A</string>
					<string>6B50508F4F4A95F79669236A</string>
				</array>
				<key>isa</key>
				<string>PBXGroup</string>
				<key>name</key>
				<string>serialization</string>
				<key>sourceTree</key>
				<string>&lt;group&gt;</string>
			</dict>
			<key>F3FCDB9BABC73CB55ADDD983</key>
			<dict>
				<key>explicitFileType</key>
				<string>sourcecode.c.h</string>
				<key>fileEncoding</key>
				<string>30</string>
				<key>isa</key>
				<string>PBXFileReference</string>
				<key>name</key>
				<string>FrameInputStream.h</string>
				<key>path</key>
				<string>../../../addons/ofxOrbbecAstra/libs/astra/include/common/serialization/FrameInputStream.h</string>
				<key>sourceTree</key>
				<string>SOURCE_ROOT</string>
			</dict>
			<key>79155DD3EFA3C5CC4B802905</key>
			<dict>
				<key>explicitFileType</key>
				<string>sourcecode.c.h</string>
				<key>fileEncoding</key>
				<string>30</string>
				<key>isa</key>
				<string>PBXFileReference</string>
				<key>name</key>
				<string>LitDepthVisualizer.h</string>
				<key>path</key>
				<string>../../../addons/ofxOrbbecAstra/libs/astra/include/common/LitDepthVisualizer.h</string>
				<key>sourceTree</key>
				<string>SOURCE_ROOT</string>
			</dict>
			<key>0A28F4E691B5FCA542EB9D1F</key>
			<dict>
				<key>explicitFileType</key>
				<string>sourcecode.c.h</string>
				<key>fileEncoding</key>
				<string>30</string>
				<key>isa</key>
				<string>PBXFileReference</string>
				<key>name</key>
				<string>key_handler.h</string>
				<key>path</key>
				<string>../../../addons/ofxOrbbecAstra/libs/astra/include/common/key_handler.h</string>
				<key>sourceTree</key>
				<string>SOURCE_ROOT</string>
			</dict>
			<key>E244CC777B96E9FD98186C47</key>
			<dict>
				<key>explicitFileType</key>
				<string>sourcecode.c.h</string>
				<key>fileEncoding</key>
				<string>30</string>
				<key>isa</key>
				<string>PBXFileReference</string>
				<key>name</key>
				<string>Stopwatch.h</string>
				<key>path</key>
				<string>../../../addons/ofxOrbbecAstra/libs/astra/include/common/clock/Stopwatch.h</string>
				<key>sourceTree</key>
				<string>SOURCE_ROOT</string>
			</dict>
			<key>2700C181698E3FFB8232FC63</key>
			<dict>
				<key>explicitFileType</key>
				<string>sourcecode.c.h</string>
				<key>fileEncoding</key>
				<string>30</string>
				<key>isa</key>
				<string>PBXFileReference</string>
				<key>name</key>
				<string>Stdafx.h</string>
				<key>path</key>
				<string>../../../addons/ofxOrbbecAstra/libs/astra/include/common/clock/Stdafx.h</string>
				<key>sourceTree</key>
				<string>SOURCE_ROOT</string>
			</dict>
			<key>9739FCC51495D25B3C7D0633</key>
			<dict>
				<key>children</key>
				<array>
					<string>17D06A8E77A4AA557E467DF8</string>
					<string>2700C181698E3FFB8232FC63</string>
					<string>E244CC777B96E9FD98186C47</string>
				</array>
				<key>isa</key>
				<string>PBXGroup</string>
				<key>name</key>
				<string>clock</string>
				<key>sourceTree</key>
				<string>&lt;group&gt;</string>
			</dict>
			<key>5EC64600D21013B4FC3FDE70</key>
			<dict>
				<key>children</key>
				<array>
					<string>9739FCC51495D25B3C7D0633</string>
					<string>0A28F4E691B5FCA542EB9D1F</string>
					<string>79155DD3EFA3C5CC4B802905</string>
					<string>83F225385B2C85525314DEBC</string>
				</array>
				<key>isa</key>
				<string>PBXGroup</string>
				<key>name</key>
				<string>common</string>
				<key>sourceTree</key>
				<string>&lt;group&gt;</string>
			</dict>
			<key>17D06A8E77A4AA557E467DF8</key>
			<dict>
				<key>explicitFileType</key>
				<string>sourcecode.c.h</string>
				<key>fileEncoding</key>
				<string>30</string>
				<key>isa</key>
				<string>PBXFileReference</string>
				<key>name</key>
				<string>Pulser.h</string>
				<key>path</key>
				<string>../../../addons/ofxOrbbecAstra/libs/astra/include/common/clock/Pulser.h</string>
				<key>sourceTree</key>
				<string>SOURCE_ROOT</string>
			</dict>
			<key>51F505DDD0F9A85AFE7C4262</key>
			<dict>
				<key>explicitFileType</key>
				<string>sourcecode.c.h</string>
				<key>fileEncoding</key>
				<string>30</string>
				<key>isa</key>
				<string>PBXFileReference</string>
				<key>name</key>
				<string>Vector3i.h</string>
				<key>path</key>
				<string>../../../addons/ofxOrbbecAstra/libs/astra/include/AstraUL/Vector3i.h</string>
				<key>sourceTree</key>
				<string>SOURCE_ROOT</string>
			</dict>
			<key>F07E390D736E52AA6EDCCBF4</key>
			<dict>
				<key>explicitFileType</key>
				<string>sourcecode.c.h</string>
				<key>fileEncoding</key>
				<string>30</string>
				<key>isa</key>
				<string>PBXFileReference</string>
				<key>name</key>
				<string>Vector3f.h</string>
				<key>path</key>
				<string>../../../addons/ofxOrbbecAstra/libs/astra/include/AstraUL/Vector3f.h</string>
				<key>sourceTree</key>
				<string>SOURCE_ROOT</string>
			</dict>
			<key>BAC77C7408FD4D37AF5CEAB9</key>
			<dict>
				<key>explicitFileType</key>
				<string>sourcecode.c.h</string>
				<key>fileEncoding</key>
				<string>30</string>
				<key>isa</key>
				<string>PBXFileReference</string>
				<key>name</key>
				<string>Vector2i.h</string>
				<key>path</key>
				<string>../../../addons/ofxOrbbecAstra/libs/astra/include/AstraUL/Vector2i.h</string>
				<key>sourceTree</key>
				<string>SOURCE_ROOT</string>
			</dict>
			<key>BDEF5CE3F2F8E30945F35C77</key>
			<dict>
				<key>explicitFileType</key>
				<string>sourcecode.c.h</string>
				<key>fileEncoding</key>
				<string>30</string>
				<key>isa</key>
				<string>PBXFileReference</string>
				<key>name</key>
				<string>Vector2f.h</string>
				<key>path</key>
				<string>../../../addons/ofxOrbbecAstra/libs/astra/include/AstraUL/Vector2f.h</string>
				<key>sourceTree</key>
				<string>SOURCE_ROOT</string>
			</dict>
			<key>D46242C9E84CCAA75BF8EC25</key>
			<dict>
				<key>explicitFileType</key>
				<string>sourcecode.c.h</string>
				<key>fileEncoding</key>
				<string>30</string>
				<key>isa</key>
				<string>PBXFileReference</string>
				<key>name</key>
				<string>Vector.h</string>
				<key>path</key>
				<string>../../../addons/ofxOrbbecAstra/libs/astra/include/AstraUL/Vector.h</string>
				<key>sourceTree</key>
				<string>SOURCE_ROOT</string>
			</dict>
			<key>557114EAB05FF8E309D2BB39</key>
			<dict>
				<key>explicitFileType</key>
				<string>sourcecode.c.h</string>
				<key>fileEncoding</key>
				<string>30</string>
				<key>isa</key>
				<string>PBXFileReference</string>
				<key>name</key>
				<string>skeleton_types.h</string>
				<key>path</key>
				<string>../../../addons/ofxOrbbecAstra/libs/astra/include/AstraUL/streams/skeleton_types.h</string>
				<key>sourceTree</key>
				<string>SOURCE_ROOT</string>
			</dict>
			<key>496F0707CAF5C825DE0F81B6</key>
			<dict>
				<key>explicitFileType</key>
				<string>sourcecode.c.h</string>
				<key>fileEncoding</key>
				<string>30</string>
				<key>isa</key>
				<string>PBXFileReference</string>
				<key>name</key>
				<string>skeleton_capi.h</string>
				<key>path</key>
				<string>../../../addons/ofxOrbbecAstra/libs/astra/include/AstraUL/streams/skeleton_capi.h</string>
				<key>sourceTree</key>
				<string>SOURCE_ROOT</string>
			</dict>
			<key>4FB8707BD0013E24CA4A546B</key>
			<dict>
				<key>explicitFileType</key>
				<string>sourcecode.c.h</string>
				<key>fileEncoding</key>
				<string>30</string>
				<key>isa</key>
				<string>PBXFileReference</string>
				<key>name</key>
				<string>Skeleton.h</string>
				<key>path</key>
				<string>../../../addons/ofxOrbbecAstra/libs/astra/include/AstraUL/streams/Skeleton.h</string>
				<key>sourceTree</key>
				<string>SOURCE_ROOT</string>
			</dict>
			<key>3D24E0E851A7CDD76BD4CFE1</key>
			<dict>
				<key>explicitFileType</key>
				<string>sourcecode.c.h</string>
				<key>fileEncoding</key>
				<string>30</string>
				<key>isa</key>
				<string>PBXFileReference</string>
				<key>name</key>
				<string>point_types.h</string>
				<key>path</key>
				<string>../../../addons/ofxOrbbecAstra/libs/astra/include/AstraUL/streams/point_types.h</string>
				<key>sourceTree</key>
				<string>SOURCE_ROOT</string>
			</dict>
			<key>3F2AC5CC2376A476A7861504</key>
			<dict>
				<key>explicitFileType</key>
				<string>sourcecode.c.h</string>
				<key>fileEncoding</key>
				<string>30</string>
				<key>isa</key>
				<string>PBXFileReference</string>
				<key>name</key>
				<string>point_capi.h</string>
				<key>path</key>
				<string>../../../addons/ofxOrbbecAstra/libs/astra/include/AstraUL/streams/point_capi.h</string>
				<key>sourceTree</key>
				<string>SOURCE_ROOT</string>
			</dict>
			<key>60FF104C8C02A16D7E0E64EA</key>
			<dict>
				<key>explicitFileType</key>
				<string>sourcecode.c.h</string>
				<key>fileEncoding</key>
				<string>30</string>
				<key>isa</key>
				<string>PBXFileReference</string>
				<key>name</key>
				<string>Point.h</string>
				<key>path</key>
				<string>../../../addons/ofxOrbbecAstra/libs/astra/include/AstraUL/streams/Point.h</string>
				<key>sourceTree</key>
				<string>SOURCE_ROOT</string>
			</dict>
			<key>0275EB92B21A8BBD5830321D</key>
			<dict>
				<key>explicitFileType</key>
				<string>sourcecode.c.h</string>
				<key>fileEncoding</key>
				<string>30</string>
				<key>isa</key>
				<string>PBXFileReference</string>
				<key>name</key>
				<string>infrared_types.h</string>
				<key>path</key>
				<string>../../../addons/ofxOrbbecAstra/libs/astra/include/AstraUL/streams/infrared_types.h</string>
				<key>sourceTree</key>
				<string>SOURCE_ROOT</string>
			</dict>
			<key>B8F0DA1DE2978E22A7C2BDE7</key>
			<dict>
				<key>explicitFileType</key>
				<string>sourcecode.c.h</string>
				<key>fileEncoding</key>
				<string>30</string>
				<key>isa</key>
				<string>PBXFileReference</string>
				<key>name</key>
				<string>infrared_capi.h</string>
				<key>path</key>
				<string>../../../addons/ofxOrbbecAstra/libs/astra/include/AstraUL/streams/infrared_capi.h</string>
				<key>sourceTree</key>
				<string>SOURCE_ROOT</string>
			</dict>
			<key>474B729E4FAEB60A2126E5FF</key>
			<dict>
				<key>explicitFileType</key>
				<string>sourcecode.c.h</string>
				<key>fileEncoding</key>
				<string>30</string>
				<key>isa</key>
				<string>PBXFileReference</string>
				<key>name</key>
				<string>Infrared.h</string>
				<key>path</key>
				<string>../../../addons/ofxOrbbecAstra/libs/astra/include/AstraUL/streams/Infrared.h</string>
				<key>sourceTree</key>
				<string>SOURCE_ROOT</string>
			</dict>
			<key>776B5C2FECBFC79CA003FAC6</key>
			<dict>
				<key>explicitFileType</key>
				<string>sourcecode.c.h</string>
				<key>fileEncoding</key>
				<string>30</string>
				<key>isa</key>
				<string>PBXFileReference</string>
				<key>name</key>
				<string>image_types.h</string>
				<key>path</key>
				<string>../../../addons/ofxOrbbecAstra/libs/astra/include/AstraUL/streams/image_types.h</string>
				<key>sourceTree</key>
				<string>SOURCE_ROOT</string>
			</dict>
			<key>E23645187F57765689FD2E55</key>
			<dict>
				<key>explicitFileType</key>
				<string>sourcecode.c.h</string>
				<key>fileEncoding</key>
				<string>30</string>
				<key>isa</key>
				<string>PBXFileReference</string>
				<key>name</key>
				<string>image_parameters.h</string>
				<key>path</key>
				<string>../../../addons/ofxOrbbecAstra/libs/astra/include/AstraUL/streams/image_parameters.h</string>
				<key>sourceTree</key>
				<string>SOURCE_ROOT</string>
			</dict>
			<key>153EE1217D653D1D8A033A33</key>
			<dict>
				<key>explicitFileType</key>
				<string>sourcecode.c.h</string>
				<key>fileEncoding</key>
				<string>30</string>
				<key>isa</key>
				<string>PBXFileReference</string>
				<key>name</key>
				<string>image_capi.h</string>
				<key>path</key>
				<string>../../../addons/ofxOrbbecAstra/libs/astra/include/AstraUL/streams/image_capi.h</string>
				<key>sourceTree</key>
				<string>SOURCE_ROOT</string>
			</dict>
			<key>B5128DDCFCA966E6234E9196</key>
			<dict>
				<key>explicitFileType</key>
				<string>sourcecode.c.h</string>
				<key>fileEncoding</key>
				<string>30</string>
				<key>isa</key>
				<string>PBXFileReference</string>
				<key>name</key>
				<string>Image.h</string>
				<key>path</key>
				<string>../../../addons/ofxOrbbecAstra/libs/astra/include/AstraUL/streams/Image.h</string>
				<key>sourceTree</key>
				<string>SOURCE_ROOT</string>
			</dict>
			<key>4B5CFAB5CBF5E65615F7D06D</key>
			<dict>
				<key>explicitFileType</key>
				<string>sourcecode.c.h</string>
				<key>fileEncoding</key>
				<string>30</string>
				<key>isa</key>
				<string>PBXFileReference</string>
				<key>name</key>
				<string>hand_types.h</string>
				<key>path</key>
				<string>../../../addons/ofxOrbbecAstra/libs/astra/include/AstraUL/streams/hand_types.h</string>
				<key>sourceTree</key>
				<string>SOURCE_ROOT</string>
			</dict>
			<key>BAF8DC097FE042EA6BFF8100</key>
			<dict>
				<key>explicitFileType</key>
				<string>sourcecode.c.h</string>
				<key>fileEncoding</key>
				<string>30</string>
				<key>isa</key>
				<string>PBXFileReference</string>
				<key>name</key>
				<string>hand_parameters.h</string>
				<key>path</key>
				<string>../../../addons/ofxOrbbecAstra/libs/astra/include/AstraUL/streams/hand_parameters.h</string>
				<key>sourceTree</key>
				<string>SOURCE_ROOT</string>
			</dict>
			<key>C7628BD84D9F12AA3C87823C</key>
			<dict>
				<key>explicitFileType</key>
				<string>sourcecode.c.h</string>
				<key>fileEncoding</key>
				<string>30</string>
				<key>isa</key>
				<string>PBXFileReference</string>
				<key>name</key>
				<string>hand_capi.h</string>
				<key>path</key>
				<string>../../../addons/ofxOrbbecAstra/libs/astra/include/AstraUL/streams/hand_capi.h</string>
				<key>sourceTree</key>
				<string>SOURCE_ROOT</string>
			</dict>
			<key>F21FD89BBDBA3984A86F0A15</key>
			<dict>
				<key>explicitFileType</key>
				<string>sourcecode.c.h</string>
				<key>fileEncoding</key>
				<string>30</string>
				<key>isa</key>
				<string>PBXFileReference</string>
				<key>name</key>
				<string>Hand.h</string>
				<key>path</key>
				<string>../../../addons/ofxOrbbecAstra/libs/astra/include/AstraUL/streams/Hand.h</string>
				<key>sourceTree</key>
				<string>SOURCE_ROOT</string>
			</dict>
			<key>8F85380BBFD343D06FAB68A5</key>
			<dict>
				<key>explicitFileType</key>
				<string>sourcecode.c.h</string>
				<key>fileEncoding</key>
				<string>30</string>
				<key>isa</key>
				<string>PBXFileReference</string>
				<key>name</key>
				<string>depth_types.h</string>
				<key>path</key>
				<string>../../../addons/ofxOrbbecAstra/libs/astra/include/AstraUL/streams/depth_types.h</string>
				<key>sourceTree</key>
				<string>SOURCE_ROOT</string>
			</dict>
			<key>8B98EF45C30669677EFADBA2</key>
			<dict>
				<key>explicitFileType</key>
				<string>sourcecode.c.h</string>
				<key>fileEncoding</key>
				<string>30</string>
				<key>isa</key>
				<string>PBXFileReference</string>
				<key>name</key>
				<string>depth_parameters.h</string>
				<key>path</key>
				<string>../../../addons/ofxOrbbecAstra/libs/astra/include/AstraUL/streams/depth_parameters.h</string>
				<key>sourceTree</key>
				<string>SOURCE_ROOT</string>
			</dict>
			<key>4F54FA30108248A108879E58</key>
			<dict>
				<key>explicitFileType</key>
				<string>sourcecode.c.h</string>
				<key>fileEncoding</key>
				<string>30</string>
				<key>isa</key>
				<string>PBXFileReference</string>
				<key>name</key>
				<string>depth_capi.h</string>
				<key>path</key>
				<string>../../../addons/ofxOrbbecAstra/libs/astra/include/AstraUL/streams/depth_capi.h</string>
				<key>sourceTree</key>
				<string>SOURCE_ROOT</string>
			</dict>
			<key>0A54B6583140040BE397204F</key>
			<dict>
				<key>explicitFileType</key>
				<string>sourcecode.c.h</string>
				<key>fileEncoding</key>
				<string>30</string>
				<key>isa</key>
				<string>PBXFileReference</string>
				<key>name</key>
				<string>Depth.h</string>
				<key>path</key>
				<string>../../../addons/ofxOrbbecAstra/libs/astra/include/AstraUL/streams/Depth.h</string>
				<key>sourceTree</key>
				<string>SOURCE_ROOT</string>
			</dict>
			<key>12EE1A39F9EFC8BFB46EFECA</key>
			<dict>
				<key>explicitFileType</key>
				<string>sourcecode.c.h</string>
				<key>fileEncoding</key>
				<string>30</string>
				<key>isa</key>
				<string>PBXFileReference</string>
				<key>name</key>
				<string>DebugHand.h</string>
				<key>path</key>
				<string>../../../addons/ofxOrbbecAstra/libs/astra/include/AstraUL/streams/DebugHand.h</string>
				<key>sourceTree</key>
				<string>SOURCE_ROOT</string>
			</dict>
			<key>CB5740C9A2A1910DA30D4645</key>
			<dict>
				<key>explicitFileType</key>
				<string>sourcecode.c.h</string>
				<key>fileEncoding</key>
				<string>30</string>
				<key>isa</key>
				<string>PBXFileReference</string>
				<key>name</key>
				<string>color_types.h</string>
				<key>path</key>
				<string>../../../addons/ofxOrbbecAstra/libs/astra/include/AstraUL/streams/color_types.h</string>
				<key>sourceTree</key>
				<string>SOURCE_ROOT</string>
			</dict>
			<key>05A9BEAF94B6FD98EF93DA34</key>
			<dict>
				<key>explicitFileType</key>
				<string>sourcecode.c.h</string>
				<key>fileEncoding</key>
				<string>30</string>
				<key>isa</key>
				<string>PBXFileReference</string>
				<key>name</key>
				<string>color_capi.h</string>
				<key>path</key>
				<string>../../../addons/ofxOrbbecAstra/libs/astra/include/AstraUL/streams/color_capi.h</string>
				<key>sourceTree</key>
				<string>SOURCE_ROOT</string>
			</dict>
			<key>5D771DADDF9BFE14B909B0A8</key>
			<dict>
				<key>children</key>
				<array>
					<string>D825C7A46C5A9D3659480E13</string>
					<string>05A9BEAF94B6FD98EF93DA34</string>
					<string>CB5740C9A2A1910DA30D4645</string>
					<string>12EE1A39F9EFC8BFB46EFECA</string>
					<string>0A54B6583140040BE397204F</string>
					<string>4F54FA30108248A108879E58</string>
					<string>8B98EF45C30669677EFADBA2</string>
					<string>8F85380BBFD343D06FAB68A5</string>
					<string>F21FD89BBDBA3984A86F0A15</string>
					<string>C7628BD84D9F12AA3C87823C</string>
					<string>BAF8DC097FE042EA6BFF8100</string>
					<string>4B5CFAB5CBF5E65615F7D06D</string>
					<string>B5128DDCFCA966E6234E9196</string>
					<string>153EE1217D653D1D8A033A33</string>
					<string>E23645187F57765689FD2E55</string>
					<string>776B5C2FECBFC79CA003FAC6</string>
					<string>474B729E4FAEB60A2126E5FF</string>
					<string>B8F0DA1DE2978E22A7C2BDE7</string>
					<string>0275EB92B21A8BBD5830321D</string>
					<string>60FF104C8C02A16D7E0E64EA</string>
					<string>3F2AC5CC2376A476A7861504</string>
					<string>3D24E0E851A7CDD76BD4CFE1</string>
					<string>4FB8707BD0013E24CA4A546B</string>
					<string>496F0707CAF5C825DE0F81B6</string>
					<string>557114EAB05FF8E309D2BB39</string>
				</array>
				<key>isa</key>
				<string>PBXGroup</string>
				<key>name</key>
				<string>streams</string>
				<key>sourceTree</key>
				<string>&lt;group&gt;</string>
			</dict>
			<key>D825C7A46C5A9D3659480E13</key>
			<dict>
				<key>explicitFileType</key>
				<string>sourcecode.c.h</string>
				<key>fileEncoding</key>
				<string>30</string>
				<key>isa</key>
				<string>PBXFileReference</string>
				<key>name</key>
				<string>Color.h</string>
				<key>path</key>
				<string>../../../addons/ofxOrbbecAstra/libs/astra/include/AstraUL/streams/Color.h</string>
				<key>sourceTree</key>
				<string>SOURCE_ROOT</string>
			</dict>
			<key>9A869F68D0A4E148D35EDDC5</key>
			<dict>
				<key>explicitFileType</key>
				<string>sourcecode.c.h</string>
				<key>fileEncoding</key>
				<string>30</string>
				<key>isa</key>
				<string>PBXFileReference</string>
				<key>name</key>
				<string>skul_capi.h</string>
				<key>path</key>
				<string>../../../addons/ofxOrbbecAstra/libs/astra/include/AstraUL/skul_capi.h</string>
				<key>sourceTree</key>
				<string>SOURCE_ROOT</string>
			</dict>
			<key>A941EEC39152BEBDFF104849</key>
			<dict>
				<key>explicitFileType</key>
				<string>sourcecode.c.h</string>
				<key>fileEncoding</key>
				<string>30</string>
				<key>isa</key>
				<string>PBXFileReference</string>
				<key>name</key>
				<string>astraul_ctypes.h</string>
				<key>path</key>
				<string>../../../addons/ofxOrbbecAstra/libs/astra/include/AstraUL/astraul_ctypes.h</string>
				<key>sourceTree</key>
				<string>SOURCE_ROOT</string>
			</dict>
			<key>F3B26B4DCEAEB9BE5365EB6C</key>
			<dict>
				<key>children</key>
				<array>
					<string>76B62B197541C438E5B713EC</string>
					<string>A941EEC39152BEBDFF104849</string>
					<string>9A869F68D0A4E148D35EDDC5</string>
					<string>5D771DADDF9BFE14B909B0A8</string>
					<string>D46242C9E84CCAA75BF8EC25</string>
					<string>BDEF5CE3F2F8E30945F35C77</string>
					<string>BAC77C7408FD4D37AF5CEAB9</string>
					<string>F07E390D736E52AA6EDCCBF4</string>
					<string>51F505DDD0F9A85AFE7C4262</string>
				</array>
				<key>isa</key>
				<string>PBXGroup</string>
				<key>name</key>
				<string>AstraUL</string>
				<key>sourceTree</key>
				<string>&lt;group&gt;</string>
			</dict>
			<key>76B62B197541C438E5B713EC</key>
			<dict>
				<key>explicitFileType</key>
				<string>sourcecode.c.h</string>
				<key>fileEncoding</key>
				<string>30</string>
				<key>isa</key>
				<string>PBXFileReference</string>
				<key>name</key>
				<string>AstraUL.h</string>
				<key>path</key>
				<string>../../../addons/ofxOrbbecAstra/libs/astra/include/AstraUL/AstraUL.h</string>
				<key>sourceTree</key>
				<string>SOURCE_ROOT</string>
			</dict>
			<key>E2402B9FE56E90F23ADF8C04</key>
			<dict>
				<key>explicitFileType</key>
				<string>sourcecode.c.h</string>
				<key>fileEncoding</key>
				<string>30</string>
				<key>isa</key>
				<string>PBXFileReference</string>
				<key>name</key>
				<string>StreamSet.h</string>
				<key>path</key>
				<string>../../../addons/ofxOrbbecAstra/libs/astra/include/Astra/StreamSet.h</string>
				<key>sourceTree</key>
				<string>SOURCE_ROOT</string>
			</dict>
			<key>783C6C6E6DC9FD9AE2E1C839</key>
			<dict>
				<key>explicitFileType</key>
				<string>sourcecode.c.h</string>
				<key>fileEncoding</key>
				<string>30</string>
				<key>isa</key>
				<string>PBXFileReference</string>
				<key>name</key>
				<string>StreamReader.h</string>
				<key>path</key>
				<string>../../../addons/ofxOrbbecAstra/libs/astra/include/Astra/StreamReader.h</string>
				<key>sourceTree</key>
				<string>SOURCE_ROOT</string>
			</dict>
			<key>894335537D5690F91807A450</key>
			<dict>
				<key>explicitFileType</key>
				<string>sourcecode.c.h</string>
				<key>fileEncoding</key>
				<string>30</string>
				<key>isa</key>
				<string>PBXFileReference</string>
				<key>name</key>
				<string>StreamDescription.h</string>
				<key>path</key>
				<string>../../../addons/ofxOrbbecAstra/libs/astra/include/Astra/StreamDescription.h</string>
				<key>sourceTree</key>
				<string>SOURCE_ROOT</string>
			</dict>
			<key>7981B20382000E3E8AB09B30</key>
			<dict>
				<key>explicitFileType</key>
				<string>sourcecode.c.h</string>
				<key>fileEncoding</key>
				<string>30</string>
				<key>isa</key>
				<string>PBXFileReference</string>
				<key>name</key>
				<string>StreamServiceProxyBase.h</string>
				<key>path</key>
				<string>../../../addons/ofxOrbbecAstra/libs/astra/include/Astra/Plugins/StreamServiceProxyBase.h</string>
				<key>sourceTree</key>
				<string>SOURCE_ROOT</string>
			</dict>
			<key>D2FE76769CBA54543361197C</key>
			<dict>
				<key>explicitFileType</key>
				<string>sourcecode.c.h</string>
				<key>fileEncoding</key>
				<string>30</string>
				<key>isa</key>
				<string>PBXFileReference</string>
				<key>name</key>
				<string>StreamServiceProxy.h</string>
				<key>path</key>
				<string>../../../addons/ofxOrbbecAstra/libs/astra/include/Astra/Plugins/StreamServiceProxy.h</string>
				<key>sourceTree</key>
				<string>SOURCE_ROOT</string>
			</dict>
			<key>0EE184E96AB080060DEF8E29</key>
			<dict>
				<key>explicitFileType</key>
				<string>sourcecode.c.h</string>
				<key>fileEncoding</key>
				<string>30</string>
				<key>isa</key>
				<string>PBXFileReference</string>
				<key>name</key>
				<string>StreamCallbackListener.h</string>
				<key>path</key>
				<string>../../../addons/ofxOrbbecAstra/libs/astra/include/Astra/Plugins/StreamCallbackListener.h</string>
				<key>sourceTree</key>
				<string>SOURCE_ROOT</string>
			</dict>
			<key>306531BB5F7A187FACAD27D2</key>
			<dict>
				<key>explicitFileType</key>
				<string>sourcecode.c.h</string>
				<key>fileEncoding</key>
				<string>30</string>
				<key>isa</key>
				<string>PBXFileReference</string>
				<key>name</key>
				<string>StreamBin.h</string>
				<key>path</key>
				<string>../../../addons/ofxOrbbecAstra/libs/astra/include/Astra/Plugins/StreamBin.h</string>
				<key>sourceTree</key>
				<string>SOURCE_ROOT</string>
			</dict>
			<key>8CB3C1E6FC8B7C8C6D74062E</key>
			<dict>
				<key>explicitFileType</key>
				<string>sourcecode.c.h</string>
				<key>fileEncoding</key>
				<string>30</string>
				<key>isa</key>
				<string>PBXFileReference</string>
				<key>name</key>
				<string>Stream.h</string>
				<key>path</key>
				<string>../../../addons/ofxOrbbecAstra/libs/astra/include/Astra/Plugins/Stream.h</string>
				<key>sourceTree</key>
				<string>SOURCE_ROOT</string>
			</dict>
			<key>B44229F0DBC1CFA41819034A</key>
			<dict>
				<key>explicitFileType</key>
				<string>sourcecode.c.h</string>
				<key>fileEncoding</key>
				<string>30</string>
				<key>isa</key>
				<string>PBXFileReference</string>
				<key>name</key>
				<string>SingleBinStream.h</string>
				<key>path</key>
				<string>../../../addons/ofxOrbbecAstra/libs/astra/include/Astra/Plugins/SingleBinStream.h</string>
				<key>sourceTree</key>
				<string>SOURCE_ROOT</string>
			</dict>
			<key>9C8C3233C7FE2D94E655D777</key>
			<dict>
				<key>explicitFileType</key>
				<string>sourcecode.c.h</string>
				<key>fileEncoding</key>
				<string>30</string>
				<key>isa</key>
				<string>PBXFileReference</string>
				<key>name</key>
				<string>PluginServiceProxyBase.h</string>
				<key>path</key>
				<string>../../../addons/ofxOrbbecAstra/libs/astra/include/Astra/Plugins/PluginServiceProxyBase.h</string>
				<key>sourceTree</key>
				<string>SOURCE_ROOT</string>
			</dict>
			<key>B19D726C4B00B61FB6C6B5C4</key>
			<dict>
				<key>explicitFileType</key>
				<string>sourcecode.c.h</string>
				<key>fileEncoding</key>
				<string>30</string>
				<key>isa</key>
				<string>PBXFileReference</string>
				<key>name</key>
				<string>PluginServiceProxy.h</string>
				<key>path</key>
				<string>../../../addons/ofxOrbbecAstra/libs/astra/include/Astra/Plugins/PluginServiceProxy.h</string>
				<key>sourceTree</key>
				<string>SOURCE_ROOT</string>
			</dict>
			<key>19B629370F2B92916E19B16D</key>
			<dict>
				<key>explicitFileType</key>
				<string>sourcecode.c.h</string>
				<key>fileEncoding</key>
				<string>30</string>
				<key>isa</key>
				<string>PBXFileReference</string>
				<key>name</key>
				<string>PluginLogger.h</string>
				<key>path</key>
				<string>../../../addons/ofxOrbbecAstra/libs/astra/include/Astra/Plugins/PluginLogger.h</string>
				<key>sourceTree</key>
				<string>SOURCE_ROOT</string>
			</dict>
			<key>AF833399E837C6CFB71BDCD2</key>
			<dict>
				<key>explicitFileType</key>
				<string>sourcecode.c.h</string>
				<key>fileEncoding</key>
				<string>30</string>
				<key>isa</key>
				<string>PBXFileReference</string>
				<key>name</key>
				<string>PluginKit.h</string>
				<key>path</key>
				<string>../../../addons/ofxOrbbecAstra/libs/astra/include/Astra/Plugins/PluginKit.h</string>
				<key>sourceTree</key>
				<string>SOURCE_ROOT</string>
			</dict>
			<key>7058BABD98927A8CC3A346A6</key>
			<dict>
				<key>explicitFileType</key>
				<string>sourcecode.c.h</string>
				<key>fileEncoding</key>
				<string>30</string>
				<key>isa</key>
				<string>PBXFileReference</string>
				<key>name</key>
				<string>PluginBase.h</string>
				<key>path</key>
				<string>../../../addons/ofxOrbbecAstra/libs/astra/include/Astra/Plugins/PluginBase.h</string>
				<key>sourceTree</key>
				<string>SOURCE_ROOT</string>
			</dict>
			<key>65F457DDC2DDD957CBC70605</key>
			<dict>
				<key>explicitFileType</key>
				<string>sourcecode.c.h</string>
				<key>fileEncoding</key>
				<string>30</string>
				<key>isa</key>
				<string>PBXFileReference</string>
				<key>name</key>
				<string>plugin_capi.h</string>
				<key>path</key>
				<string>../../../addons/ofxOrbbecAstra/libs/astra/include/Astra/Plugins/plugin_capi.h</string>
				<key>sourceTree</key>
				<string>SOURCE_ROOT</string>
			</dict>
			<key>760EC7FB26DC7A8ACEED02B4</key>
			<dict>
				<key>explicitFileType</key>
				<string>sourcecode.c.h</string>
				<key>fileEncoding</key>
				<string>30</string>
				<key>isa</key>
				<string>PBXFileReference</string>
				<key>name</key>
				<string>plugin_callbacks.h</string>
				<key>path</key>
				<string>../../../addons/ofxOrbbecAstra/libs/astra/include/Astra/Plugins/plugin_callbacks.h</string>
				<key>sourceTree</key>
				<string>SOURCE_ROOT</string>
			</dict>
			<key>856445C6B9F02FA4BACDF27C</key>
			<dict>
				<key>children</key>
				<array>
					<string>DA97D879E9D40E040375AC80</string>
					<string>760EC7FB26DC7A8ACEED02B4</string>
					<string>65F457DDC2DDD957CBC70605</string>
					<string>7058BABD98927A8CC3A346A6</string>
					<string>AF833399E837C6CFB71BDCD2</string>
					<string>19B629370F2B92916E19B16D</string>
					<string>B19D726C4B00B61FB6C6B5C4</string>
					<string>9C8C3233C7FE2D94E655D777</string>
					<string>B44229F0DBC1CFA41819034A</string>
					<string>8CB3C1E6FC8B7C8C6D74062E</string>
					<string>306531BB5F7A187FACAD27D2</string>
					<string>0EE184E96AB080060DEF8E29</string>
					<string>D2FE76769CBA54543361197C</string>
					<string>7981B20382000E3E8AB09B30</string>
				</array>
				<key>isa</key>
				<string>PBXGroup</string>
				<key>name</key>
				<string>Plugins</string>
				<key>sourceTree</key>
				<string>&lt;group&gt;</string>
			</dict>
			<key>DA97D879E9D40E040375AC80</key>
			<dict>
				<key>explicitFileType</key>
				<string>sourcecode.c.h</string>
				<key>fileEncoding</key>
				<string>30</string>
				<key>isa</key>
				<string>PBXFileReference</string>
				<key>name</key>
				<string>MultiBinStream.h</string>
				<key>path</key>
				<string>../../../addons/ofxOrbbecAstra/libs/astra/include/Astra/Plugins/MultiBinStream.h</string>
				<key>sourceTree</key>
				<string>SOURCE_ROOT</string>
			</dict>
			<key>25A5EFF42117182905597359</key>
			<dict>
				<key>explicitFileType</key>
				<string>sourcecode.c.h</string>
				<key>fileEncoding</key>
				<string>30</string>
				<key>isa</key>
				<string>PBXFileReference</string>
				<key>name</key>
				<string>host_events.h</string>
				<key>path</key>
				<string>../../../addons/ofxOrbbecAstra/libs/astra/include/Astra/host_events.h</string>
				<key>sourceTree</key>
				<string>SOURCE_ROOT</string>
			</dict>
			<key>5B3C7EE1091A54F2DA5873B6</key>
			<dict>
				<key>explicitFileType</key>
				<string>sourcecode.c.h</string>
				<key>fileEncoding</key>
				<string>30</string>
				<key>isa</key>
				<string>PBXFileReference</string>
				<key>name</key>
				<string>FrameReadyListener.h</string>
				<key>path</key>
				<string>../../../addons/ofxOrbbecAstra/libs/astra/include/Astra/FrameReadyListener.h</string>
				<key>sourceTree</key>
				<string>SOURCE_ROOT</string>
			</dict>
			<key>1F08DD14F95AA51056A2B039</key>
			<dict>
				<key>explicitFileType</key>
				<string>sourcecode.c.h</string>
				<key>fileEncoding</key>
				<string>30</string>
				<key>isa</key>
				<string>PBXFileReference</string>
				<key>name</key>
				<string>Frame.h</string>
				<key>path</key>
				<string>../../../addons/ofxOrbbecAstra/libs/astra/include/Astra/Frame.h</string>
				<key>sourceTree</key>
				<string>SOURCE_ROOT</string>
			</dict>
			<key>27DE19FA330B4C25472E144C</key>
			<dict>
				<key>explicitFileType</key>
				<string>sourcecode.c.h</string>
				<key>fileEncoding</key>
				<string>30</string>
				<key>isa</key>
				<string>PBXFileReference</string>
				<key>name</key>
				<string>DataStream.h</string>
				<key>path</key>
				<string>../../../addons/ofxOrbbecAstra/libs/astra/include/Astra/DataStream.h</string>
				<key>sourceTree</key>
				<string>SOURCE_ROOT</string>
			</dict>
			<key>F1811930EE4413F9F0217794</key>
			<dict>
				<key>explicitFileType</key>
				<string>sourcecode.c.h</string>
				<key>fileEncoding</key>
				<string>30</string>
				<key>isa</key>
				<string>PBXFileReference</string>
				<key>name</key>
				<string>astra_types.h</string>
				<key>path</key>
				<string>../../../addons/ofxOrbbecAstra/libs/astra/include/Astra/astra_types.h</string>
				<key>sourceTree</key>
				<string>SOURCE_ROOT</string>
			</dict>
			<key>00D432599305D916D99544D5</key>
			<dict>
				<key>explicitFileType</key>
				<string>sourcecode.c.h</string>
				<key>fileEncoding</key>
				<string>30</string>
				<key>isa</key>
				<string>PBXFileReference</string>
				<key>name</key>
				<string>astra_defines.h</string>
				<key>path</key>
				<string>../../../addons/ofxOrbbecAstra/libs/astra/include/Astra/astra_defines.h</string>
				<key>sourceTree</key>
				<string>SOURCE_ROOT</string>
			</dict>
			<key>07EF625AF80333468B8C50B6</key>
			<dict>
				<key>explicitFileType</key>
				<string>sourcecode.c.h</string>
				<key>fileEncoding</key>
				<string>30</string>
				<key>isa</key>
				<string>PBXFileReference</string>
				<key>name</key>
				<string>astra_cxx_make_unique.hpp</string>
				<key>path</key>
				<string>../../../addons/ofxOrbbecAstra/libs/astra/include/Astra/astra_cxx_make_unique.hpp</string>
				<key>sourceTree</key>
				<string>SOURCE_ROOT</string>
			</dict>
			<key>B7CD78106E78845E1C0B0795</key>
			<dict>
				<key>explicitFileType</key>
				<string>sourcecode.c.h</string>
				<key>fileEncoding</key>
				<string>30</string>
				<key>isa</key>
				<string>PBXFileReference</string>
				<key>name</key>
				<string>astra_capi.h</string>
				<key>path</key>
				<string>../../../addons/ofxOrbbecAstra/libs/astra/include/Astra/astra_capi.h</string>
				<key>sourceTree</key>
				<string>SOURCE_ROOT</string>
			</dict>
			<key>5507D7D49BBB62B1883724B8</key>
			<dict>
				<key>children</key>
				<array>
					<string>F753E3ADEB2A87C365729543</string>
					<string>B7CD78106E78845E1C0B0795</string>
					<string>07EF625AF80333468B8C50B6</string>
					<string>00D432599305D916D99544D5</string>
					<string>F1811930EE4413F9F0217794</string>
					<string>27DE19FA330B4C25472E144C</string>
					<string>1F08DD14F95AA51056A2B039</string>
					<string>5B3C7EE1091A54F2DA5873B6</string>
					<string>25A5EFF42117182905597359</string>
					<string>856445C6B9F02FA4BACDF27C</string>
					<string>894335537D5690F91807A450</string>
					<string>783C6C6E6DC9FD9AE2E1C839</string>
					<string>E2402B9FE56E90F23ADF8C04</string>
				</array>
				<key>isa</key>
				<string>PBXGroup</string>
				<key>name</key>
				<string>Astra</string>
				<key>sourceTree</key>
				<string>&lt;group&gt;</string>
			</dict>
			<key>629ECB6B8A853B5E9E15E713</key>
			<dict>
				<key>children</key>
				<array>
					<string>5507D7D49BBB62B1883724B8</string>
					<string>F3B26B4DCEAEB9BE5365EB6C</string>
					<string>5EC64600D21013B4FC3FDE70</string>
				</array>
				<key>isa</key>
				<string>PBXGroup</string>
				<key>name</key>
				<string>include</string>
				<key>sourceTree</key>
				<string>&lt;group&gt;</string>
			</dict>
			<key>E75A82859F05088A91A079D0</key>
			<dict>
				<key>children</key>
				<array>
					<string>629ECB6B8A853B5E9E15E713</string>
				</array>
				<key>isa</key>
				<string>PBXGroup</string>
				<key>name</key>
				<string>astra</string>
				<key>sourceTree</key>
				<string>&lt;group&gt;</string>
			</dict>
			<key>69F3E4858130BD71FD15EC41</key>
			<dict>
				<key>children</key>
				<array>
					<string>E75A82859F05088A91A079D0</string>
				</array>
				<key>isa</key>
				<string>PBXGroup</string>
				<key>name</key>
				<string>libs</string>
				<key>sourceTree</key>
				<string>&lt;group&gt;</string>
			</dict>
			<key>F753E3ADEB2A87C365729543</key>
			<dict>
				<key>explicitFileType</key>
				<string>sourcecode.c.h</string>
				<key>fileEncoding</key>
				<string>30</string>
				<key>isa</key>
				<string>PBXFileReference</string>
				<key>name</key>
				<string>Astra.h</string>
				<key>path</key>
				<string>../../../addons/ofxOrbbecAstra/libs/astra/include/Astra/Astra.h</string>
				<key>sourceTree</key>
				<string>SOURCE_ROOT</string>
			</dict>
			<key>5578A19D1D4CF16135BEF25C</key>
			<dict>
				<key>explicitFileType</key>
				<string>sourcecode.c.h</string>
				<key>fileEncoding</key>
				<string>30</string>
				<key>isa</key>
				<string>PBXFileReference</string>
				<key>name</key>
				<string>ofxOrbbecAstra.h</string>
				<key>path</key>
				<string>../../../addons/ofxOrbbecAstra/src/ofxOrbbecAstra.h</string>
				<key>sourceTree</key>
				<string>SOURCE_ROOT</string>
			</dict>
			<key>3260445ADAA91AABAB175BD4</key>
			<dict>
				<key>children</key>
				<array>
					<string>BEEDC02F6A44CDC5881E742A</string>
					<string>5578A19D1D4CF16135BEF25C</string>
				</array>
				<key>isa</key>
				<string>PBXGroup</string>
				<key>name</key>
				<string>src</string>
				<key>sourceTree</key>
				<string>&lt;group&gt;</string>
			</dict>
			<key>BD2E6C4190725DB1928658CF</key>
			<dict>
				<key>children</key>
				<array>
					<string>3260445ADAA91AABAB175BD4</string>
					<string>69F3E4858130BD71FD15EC41</string>
				</array>
				<key>isa</key>
				<string>PBXGroup</string>
				<key>name</key>
				<string>ofxOrbbecAstra</string>
				<key>sourceTree</key>
				<string>&lt;group&gt;</string>
			</dict>
			<key>EBF874561673BC7ACC82AF92</key>
			<dict>
				<key>fileRef</key>
				<string>BEEDC02F6A44CDC5881E742A</string>
				<key>isa</key>
				<string>PBXBuildFile</string>
			</dict>
			<key>BEEDC02F6A44CDC5881E742A</key>
			<dict>
				<key>explicitFileType</key>
				<string>sourcecode.cpp.cpp</string>
				<key>fileEncoding</key>
				<string>30</string>
				<key>isa</key>
				<string>PBXFileReference</string>
				<key>name</key>
				<string>ofxOrbbecAstra.cpp</string>
				<key>path</key>
				<string>../../../addons/ofxOrbbecAstra/src/ofxOrbbecAstra.cpp</string>
				<key>sourceTree</key>
				<string>SOURCE_ROOT</string>
			</dict>
			<key>6E8D20A739AA6B4343E98085</key>
			<dict>
				<key>explicitFileType</key>
				<string>sourcecode.c.h</string>
				<key>fileEncoding</key>
				<string>30</string>
				<key>isa</key>
				<string>PBXFileReference</string>
				<key>name</key>
				<string>ofxImageSequenceRecorder.h</string>
				<key>path</key>
				<string>../../../addons/ofxDepthCamera/addons/ofxImageSequenceRecorder/src/ofxImageSequenceRecorder.h</string>
				<key>sourceTree</key>
				<string>SOURCE_ROOT</string>
			</dict>
			<key>DCCDD3EAFFA3BB05C6C1AC1A</key>
			<dict>
				<key>fileRef</key>
				<string>DB40411520E6C317A156CEDF</string>
				<key>isa</key>
				<string>PBXBuildFile</string>
			</dict>
			<key>DB40411520E6C317A156CEDF</key>
			<dict>
				<key>explicitFileType</key>
				<string>sourcecode.cpp.cpp</string>
				<key>fileEncoding</key>
				<string>30</string>
				<key>isa</key>
				<string>PBXFileReference</string>
				<key>name</key>
				<string>ofxImageSequencePlayback.cpp</string>
				<key>path</key>
				<string>../../../addons/ofxDepthCamera/addons/ofxImageSequencePlayback/src/ofxImageSequencePlayback.cpp</string>
				<key>sourceTree</key>
				<string>SOURCE_ROOT</string>
			</dict>
			<key>555D98975D97B6AE2906279D</key>
			<dict>
				<key>explicitFileType</key>
				<string>sourcecode.c.h</string>
				<key>fileEncoding</key>
				<string>30</string>
				<key>isa</key>
				<string>PBXFileReference</string>
				<key>name</key>
				<string>ofxImageSequencePlayback.h</string>
				<key>path</key>
				<string>../../../addons/ofxDepthCamera/addons/ofxImageSequencePlayback/src/ofxImageSequencePlayback.h</string>
				<key>sourceTree</key>
				<string>SOURCE_ROOT</string>
			</dict>
			<key>BDF4EDBA88906D824D8884F0</key>
			<dict>
				<key>fileRef</key>
				<string>037B64A4635A2F94413C9E3B</string>
				<key>isa</key>
				<string>PBXBuildFile</string>
			</dict>
			<key>037B64A4635A2F94413C9E3B</key>
			<dict>
				<key>explicitFileType</key>
				<string>sourcecode.cpp.cpp</string>
				<key>fileEncoding</key>
				<string>30</string>
				<key>isa</key>
				<string>PBXFileReference</string>
				<key>name</key>
				<string>ofxImageSequence.cpp</string>
				<key>path</key>
				<string>../../../addons/ofxDepthCamera/addons/ofxImageSequence/src/ofxImageSequence.cpp</string>
				<key>sourceTree</key>
				<string>SOURCE_ROOT</string>
			</dict>
			<key>3B4560EE8057C59B87CBA3A7</key>
			<dict>
				<key>explicitFileType</key>
				<string>sourcecode.c.h</string>
				<key>fileEncoding</key>
				<string>30</string>
				<key>isa</key>
				<string>PBXFileReference</string>
				<key>name</key>
				<string>ofxImageSequence.h</string>
				<key>path</key>
				<string>../../../addons/ofxDepthCamera/addons/ofxImageSequence/src/ofxImageSequence.h</string>
				<key>sourceTree</key>
				<string>SOURCE_ROOT</string>
			</dict>
			<key>C61FAD04AA8862CDFF42DA38</key>
			<dict>
				<key>explicitFileType</key>
				<string>sourcecode.c.h</string>
				<key>fileEncoding</key>
				<string>30</string>
				<key>isa</key>
				<string>PBXFileReference</string>
				<key>name</key>
				<string>ofxDepthCameraUtils.h</string>
				<key>path</key>
				<string>../../../addons/ofxDepthCamera/src/ofxDepthCameraUtils.h</string>
				<key>sourceTree</key>
				<string>SOURCE_ROOT</string>
			</dict>
			<key>1C5F682C24F6BA67EE31098E</key>
			<dict>
				<key>fileRef</key>
				<string>40ED1C334354E170FCD27C2F</string>
				<key>isa</key>
				<string>PBXBuildFile</string>
			</dict>
			<key>40ED1C334354E170FCD27C2F</key>
			<dict>
				<key>explicitFileType</key>
				<string>sourcecode.cpp.cpp</string>
				<key>fileEncoding</key>
				<string>30</string>
				<key>isa</key>
				<string>PBXFileReference</string>
				<key>name</key>
				<string>ofxDepthCameraUtils.cpp</string>
				<key>path</key>
				<string>../../../addons/ofxDepthCamera/src/ofxDepthCameraUtils.cpp</string>
				<key>sourceTree</key>
				<string>SOURCE_ROOT</string>
			</dict>
			<key>F955F9DF7693898B5F412990</key>
			<dict>
				<key>explicitFileType</key>
				<string>sourcecode.c.h</string>
				<key>fileEncoding</key>
				<string>30</string>
				<key>isa</key>
				<string>PBXFileReference</string>
				<key>name</key>
				<string>ofxDepthCameraReceiver.h</string>
				<key>path</key>
				<string>../../../addons/ofxDepthCamera/src/ofxDepthCameraReceiver.h</string>
				<key>sourceTree</key>
				<string>SOURCE_ROOT</string>
			</dict>
			<key>CBFA105A79C6462E71304E02</key>
			<dict>
				<key>fileRef</key>
				<string>AD33DE47C4698496F6F5E138</string>
				<key>isa</key>
				<string>PBXBuildFile</string>
			</dict>
			<key>AD33DE47C4698496F6F5E138</key>
			<dict>
				<key>explicitFileType</key>
				<string>sourcecode.cpp.cpp</string>
				<key>fileEncoding</key>
				<string>30</string>
				<key>isa</key>
				<string>PBXFileReference</string>
				<key>name</key>
				<string>ofxDepthCameraReceiver.cpp</string>
				<key>path</key>
				<string>../../../addons/ofxDepthCamera/src/ofxDepthCameraReceiver.cpp</string>
				<key>sourceTree</key>
				<string>SOURCE_ROOT</string>
			</dict>
			<key>C11C005C8061841BBB5952EC</key>
			<dict>
				<key>explicitFileType</key>
				<string>sourcecode.c.h</string>
				<key>fileEncoding</key>
				<string>30</string>
				<key>isa</key>
				<string>PBXFileReference</string>
				<key>name</key>
				<string>ofxDepthCameraProvider.h</string>
				<key>path</key>
				<string>../../../addons/ofxDepthCamera/src/ofxDepthCameraProvider.h</string>
				<key>sourceTree</key>
				<string>SOURCE_ROOT</string>
			</dict>
			<key>E878BD3FB6A9D57638059280</key>
			<dict>
				<key>fileRef</key>
				<string>7E01BE401D8F38429AC53726</string>
				<key>isa</key>
				<string>PBXBuildFile</string>
			</dict>
			<key>7E01BE401D8F38429AC53726</key>
			<dict>
				<key>explicitFileType</key>
				<string>sourcecode.cpp.cpp</string>
				<key>fileEncoding</key>
				<string>30</string>
				<key>isa</key>
				<string>PBXFileReference</string>
				<key>name</key>
				<string>ofxDepthCameraProvider.cpp</string>
				<key>path</key>
				<string>../../../addons/ofxDepthCamera/src/ofxDepthCameraProvider.cpp</string>
				<key>sourceTree</key>
				<string>SOURCE_ROOT</string>
			</dict>
			<key>056B28382F6CC130BA9C9ADE</key>
			<dict>
				<key>explicitFileType</key>
				<string>sourcecode.c.h</string>
				<key>fileEncoding</key>
				<string>30</string>
				<key>isa</key>
				<string>PBXFileReference</string>
				<key>name</key>
				<string>ofxDepthCamera.h</string>
				<key>path</key>
				<string>../../../addons/ofxDepthCamera/src/ofxDepthCamera.h</string>
				<key>sourceTree</key>
				<string>SOURCE_ROOT</string>
			</dict>
			<key>6650659DFFB3C8081454527C</key>
			<dict>
				<key>fileRef</key>
				<string>076803916F766ADD15DF7C51</string>
				<key>isa</key>
				<string>PBXBuildFile</string>
			</dict>
			<key>076803916F766ADD15DF7C51</key>
			<dict>
				<key>explicitFileType</key>
				<string>sourcecode.cpp.cpp</string>
				<key>fileEncoding</key>
				<string>30</string>
				<key>isa</key>
				<string>PBXFileReference</string>
				<key>name</key>
				<string>ofxDepthCamera.cpp</string>
				<key>path</key>
				<string>../../../addons/ofxDepthCamera/src/ofxDepthCamera.cpp</string>
				<key>sourceTree</key>
				<string>SOURCE_ROOT</string>
			</dict>
			<key>AAFC1C0616BCEDC0D040BF80</key>
			<dict>
				<key>explicitFileType</key>
				<string>sourcecode.c.h</string>
				<key>fileEncoding</key>
				<string>30</string>
				<key>isa</key>
				<string>PBXFileReference</string>
				<key>name</key>
				<string>ofxBaseDepthCamera.h</string>
				<key>path</key>
				<string>../../../addons/ofxDepthCamera/src/ofxBaseDepthCamera.h</string>
				<key>sourceTree</key>
				<string>SOURCE_ROOT</string>
			</dict>
			<key>3C3529677EB4B0AAEEDF2D0A</key>
			<dict>
				<key>fileRef</key>
				<string>0795BBDBE8DB567E69809EAA</string>
				<key>isa</key>
				<string>PBXBuildFile</string>
			</dict>
			<key>0795BBDBE8DB567E69809EAA</key>
			<dict>
				<key>explicitFileType</key>
				<string>sourcecode.cpp.cpp</string>
				<key>fileEncoding</key>
				<string>30</string>
				<key>isa</key>
				<string>PBXFileReference</string>
				<key>name</key>
				<string>ofxBaseDepthCamera.cpp</string>
				<key>path</key>
				<string>../../../addons/ofxDepthCamera/src/ofxBaseDepthCamera.cpp</string>
				<key>sourceTree</key>
				<string>SOURCE_ROOT</string>
			</dict>
			<key>C3E464EDCC44B618027288AF</key>
			<dict>
				<key>explicitFileType</key>
				<string>sourcecode.c.h</string>
				<key>fileEncoding</key>
				<string>30</string>
				<key>isa</key>
				<string>PBXFileReference</string>
				<key>name</key>
				<string>ofxDepthCameraOrbbecAstra.h</string>
				<key>path</key>
				<string>../../../addons/ofxDepthCamera/src/adapters/ofxDepthCameraOrbbecAstra.h</string>
				<key>sourceTree</key>
				<string>SOURCE_ROOT</string>
			</dict>
			<key>F2FE2856A43AD269A98603E3</key>
			<dict>
				<key>fileRef</key>
				<string>04D97A4DD81AB9DE297FEF6C</string>
				<key>isa</key>
				<string>PBXBuildFile</string>
			</dict>
			<key>04D97A4DD81AB9DE297FEF6C</key>
			<dict>
				<key>explicitFileType</key>
				<string>sourcecode.cpp.cpp</string>
				<key>fileEncoding</key>
				<string>30</string>
				<key>isa</key>
				<string>PBXFileReference</string>
				<key>name</key>
				<string>ofxDepthCameraOrbbecAstra.cpp</string>
				<key>path</key>
				<string>../../../addons/ofxDepthCamera/src/adapters/ofxDepthCameraOrbbecAstra.cpp</string>
				<key>sourceTree</key>
				<string>SOURCE_ROOT</string>
			</dict>
			<key>CEB14472F6D5C8BAFD37DC4D</key>
			<dict>
				<key>explicitFileType</key>
				<string>sourcecode.c.h</string>
				<key>fileEncoding</key>
				<string>30</string>
				<key>isa</key>
				<string>PBXFileReference</string>
				<key>name</key>
				<string>ofxDepthCameraKinectV2.h</string>
				<key>path</key>
				<string>../../../addons/ofxDepthCamera/src/adapters/ofxDepthCameraKinectV2.h</string>
				<key>sourceTree</key>
				<string>SOURCE_ROOT</string>
			</dict>
			<key>24209C554E45781DD68E8347</key>
			<dict>
				<key>fileRef</key>
				<string>2F43163749946CF1F1B27A98</string>
				<key>isa</key>
				<string>PBXBuildFile</string>
			</dict>
			<key>2F43163749946CF1F1B27A98</key>
			<dict>
				<key>explicitFileType</key>
				<string>sourcecode.cpp.cpp</string>
				<key>fileEncoding</key>
				<string>30</string>
				<key>isa</key>
				<string>PBXFileReference</string>
				<key>name</key>
				<string>ofxDepthCameraKinectV2.cpp</string>
				<key>path</key>
				<string>../../../addons/ofxDepthCamera/src/adapters/ofxDepthCameraKinectV2.cpp</string>
				<key>sourceTree</key>
				<string>SOURCE_ROOT</string>
			</dict>
			<key>20661C898B9DBAE7E4A49028</key>
			<dict>
				<key>explicitFileType</key>
				<string>sourcecode.c.h</string>
				<key>fileEncoding</key>
				<string>30</string>
				<key>isa</key>
				<string>PBXFileReference</string>
				<key>name</key>
				<string>ofxDepthCameraKinect.h</string>
				<key>path</key>
				<string>../../../addons/ofxDepthCamera/src/adapters/ofxDepthCameraKinect.h</string>
				<key>sourceTree</key>
				<string>SOURCE_ROOT</string>
			</dict>
			<key>8F1BC29427EC345D3C692325</key>
			<dict>
				<key>children</key>
				<array>
					<string>45357C55B1EBF4D37A3BE715</string>
					<string>20661C898B9DBAE7E4A49028</string>
					<string>2F43163749946CF1F1B27A98</string>
					<string>CEB14472F6D5C8BAFD37DC4D</string>
					<string>04D97A4DD81AB9DE297FEF6C</string>
					<string>C3E464EDCC44B618027288AF</string>
				</array>
				<key>isa</key>
				<string>PBXGroup</string>
				<key>name</key>
				<string>adapters</string>
				<key>sourceTree</key>
				<string>&lt;group&gt;</string>
			</dict>
			<key>C13AEA223C1F7E5DEB66A8D6</key>
			<dict>
				<key>children</key>
				<array>
					<string>8F1BC29427EC345D3C692325</string>
					<string>0795BBDBE8DB567E69809EAA</string>
					<string>AAFC1C0616BCEDC0D040BF80</string>
					<string>076803916F766ADD15DF7C51</string>
					<string>056B28382F6CC130BA9C9ADE</string>
					<string>7E01BE401D8F38429AC53726</string>
					<string>C11C005C8061841BBB5952EC</string>
					<string>AD33DE47C4698496F6F5E138</string>
					<string>F955F9DF7693898B5F412990</string>
					<string>40ED1C334354E170FCD27C2F</string>
					<string>C61FAD04AA8862CDFF42DA38</string>
				</array>
				<key>isa</key>
				<string>PBXGroup</string>
				<key>name</key>
				<string>src</string>
				<key>sourceTree</key>
				<string>&lt;group&gt;</string>
			</dict>
			<key>D335FA899A1CDE4564B9FE45</key>
			<dict>
				<key>children</key>
				<array>
					<string>C13AEA223C1F7E5DEB66A8D6</string>
				</array>
				<key>isa</key>
				<string>PBXGroup</string>
				<key>name</key>
				<string>ofxDepthCamera</string>
				<key>sourceTree</key>
				<string>&lt;group&gt;</string>
			</dict>
			<key>F76E276371C86DEAF0B1257B</key>
			<dict>
				<key>fileRef</key>
				<string>45357C55B1EBF4D37A3BE715</string>
				<key>isa</key>
				<string>PBXBuildFile</string>
			</dict>
			<key>45357C55B1EBF4D37A3BE715</key>
			<dict>
				<key>explicitFileType</key>
				<string>sourcecode.cpp.cpp</string>
				<key>fileEncoding</key>
				<string>30</string>
				<key>isa</key>
				<string>PBXFileReference</string>
				<key>name</key>
				<string>ofxDepthCameraKinect.cpp</string>
				<key>path</key>
				<string>../../../addons/ofxDepthCamera/src/adapters/ofxDepthCameraKinect.cpp</string>
				<key>sourceTree</key>
				<string>SOURCE_ROOT</string>
			</dict>
			<key>BB4B014C10F69532006C3DED</key>
			<dict>
				<key>children</key>
				<array>
					<string>D335FA899A1CDE4564B9FE45</string>
					<string>BD2E6C4190725DB1928658CF</string>
				</array>
				<key>isa</key>
				<string>PBXGroup</string>
				<key>name</key>
				<string>addons</string>
				<key>sourceTree</key>
				<string>&lt;group&gt;</string>
			</dict>
			<key>6948EE371B920CB800B5AC1A</key>
			<dict>
				<key>children</key>
				<array />
				<key>isa</key>
				<string>PBXGroup</string>
				<key>name</key>
				<string>local_addons</string>
				<key>sourceTree</key>
				<string>&lt;group&gt;</string>
			</dict>
			<key>E4328143138ABC890047C5CB</key>
			<dict>
				<key>isa</key>
				<string>PBXFileReference</string>
				<key>lastKnownFileType</key>
				<string>wrapper.pb-project</string>
				<key>name</key>
				<string>openFrameworksLib.xcodeproj</string>
				<key>path</key>
				<string>../../../libs/openFrameworksCompiled/project/osx/openFrameworksLib.xcodeproj</string>
				<key>sourceTree</key>
				<string>SOURCE_ROOT</string>
			</dict>
			<key>E4328144138ABC890047C5CB</key>
			<dict>
				<key>children</key>
				<array>
					<string>E4328148138ABC890047C5CB</string>
				</array>
				<key>isa</key>
				<string>PBXGroup</string>
				<key>name</key>
				<string>Products</string>
				<key>sourceTree</key>
				<string>&lt;group&gt;</string>
			</dict>
			<key>E4328147138ABC890047C5CB</key>
			<dict>
				<key>containerPortal</key>
				<string>E4328143138ABC890047C5CB</string>
				<key>isa</key>
				<string>PBXContainerItemProxy</string>
				<key>proxyType</key>
				<string>2</string>
				<key>remoteGlobalIDString</key>
				<string>E4B27C1510CBEB8E00536013</string>
				<key>remoteInfo</key>
				<string>openFrameworks</string>
			</dict>
			<key>E4328148138ABC890047C5CB</key>
			<dict>
				<key>fileType</key>
				<string>archive.ar</string>
				<key>isa</key>
				<string>PBXReferenceProxy</string>
				<key>path</key>
				<string>openFrameworksDebug.a</string>
				<key>remoteRef</key>
				<string>E4328147138ABC890047C5CB</string>
				<key>sourceTree</key>
				<string>BUILT_PRODUCTS_DIR</string>
			</dict>
			<key>E4328149138ABC9F0047C5CB</key>
			<dict>
				<key>fileRef</key>
				<string>E4328148138ABC890047C5CB</string>
				<key>isa</key>
				<string>PBXBuildFile</string>
			</dict>
			<key>E4B69B4A0A3A1720003C02F2</key>
			<dict>
				<key>children</key>
				<array>
					<string>E4B6FCAD0C3E899E008CF71C</string>
					<string>E4EB6923138AFD0F00A09F29</string>
					<string>E4B69E1C0A3A1BDC003C02F2</string>
					<string>E4EEC9E9138DF44700A80321</string>
					<string>BB4B014C10F69532006C3DED</string>
					<string>6948EE371B920CB800B5AC1A</string>
					<string>E4B69B5B0A3A1756003C02F2</string>
				</array>
				<key>isa</key>
				<string>PBXGroup</string>
				<key>sourceTree</key>
				<string>&lt;group&gt;</string>
			</dict>
			<key>E4B69B4C0A3A1720003C02F2</key>
			<dict>
				<key>attributes</key>
				<dict>
					<key>LastUpgradeCheck</key>
					<string>0600</string>
				</dict>
				<key>buildConfigurationList</key>
				<string>E4B69B4D0A3A1720003C02F2</string>
				<key>compatibilityVersion</key>
				<string>Xcode 3.2</string>
				<key>developmentRegion</key>
				<string>English</string>
				<key>hasScannedForEncodings</key>
				<string>0</string>
				<key>isa</key>
				<string>PBXProject</string>
				<key>knownRegions</key>
				<array>
					<string>English</string>
					<string>Japanese</string>
					<string>French</string>
					<string>German</string>
				</array>
				<key>mainGroup</key>
				<string>E4B69B4A0A3A1720003C02F2</string>
				<key>productRefGroup</key>
				<string>E4B69B4A0A3A1720003C02F2</string>
				<key>projectDirPath</key>
				<string />
				<key>projectReferences</key>
				<array>
					<dict>
						<key>ProductGroup</key>
						<string>E4328144138ABC890047C5CB</string>
						<key>ProjectRef</key>
						<string>E4328143138ABC890047C5CB</string>
					</dict>
				</array>
				<key>projectRoot</key>
				<string />
				<key>targets</key>
				<array>
					<string>E4B69B5A0A3A1756003C02F2</string>
				</array>
			</dict>
			<key>E4B69B4D0A3A1720003C02F2</key>
			<dict>
				<key>buildConfigurations</key>
				<array>
					<string>E4B69B4E0A3A1720003C02F2</string>
					<string>E4B69B4F0A3A1720003C02F2</string>
				</array>
				<key>defaultConfigurationIsVisible</key>
				<string>0</string>
				<key>defaultConfigurationName</key>
				<string>Release</string>
				<key>isa</key>
				<string>XCConfigurationList</string>
			</dict>
			<key>E4B69B4E0A3A1720003C02F2</key>
			<dict>
				<key>baseConfigurationReference</key>
				<string>E4EB6923138AFD0F00A09F29</string>
				<key>buildSettings</key>
				<dict>
					<key>OTHER_LDFLAGS</key>
					<array>
						<string>$(OF_CORE_FRAMEWORKS) $(OF_CORE_LIBS)</string>
						<string>../../../addons/ofxOrbbecAstra/libs/astra/lib/osx/libAstra.dylib</string>
						<string>../../../addons/ofxOrbbecAstra/libs/astra/lib/osx/libAstraAPI.dylib</string>
						<string>../../../addons/ofxOrbbecAstra/libs/astra/lib/osx/libAstraUL.dylib</string>
					</array>
					<key>HEADER_SEARCH_PATHS</key>
					<array>
						<string>$(OF_CORE_HEADERS)</string>
						<string>src</string>
						<string>../../../addons/ofxDepthCamera/src</string>
						<string>../../../addons/ofxDepthCamera/src/adapters</string>
						<string>../../../addons/ofxDepthCamera/addons/ofxImageSequence/src</string>
						<string>../../../addons/ofxDepthCamera/addons/ofxImageSequencePlayback/src</string>
						<string>../../../addons/ofxDepthCamera/addons/ofxImageSequenceRecorder/src</string>
						<string>../../../addons/ofxOrbbecAstra/libs/astra/include/</string>
					</array>
					<key>CONFIGURATION_BUILD_DIR</key>
					<string>$(SRCROOT)/bin/</string>
					<key>COPY_PHASE_STRIP</key>
					<string>NO</string>
					<key>DEAD_CODE_STRIPPING</key>
					<string>YES</string>
					<key>GCC_AUTO_VECTORIZATION</key>
					<string>YES</string>
					<key>GCC_ENABLE_SSE3_EXTENSIONS</key>
					<string>YES</string>
					<key>GCC_ENABLE_SUPPLEMENTAL_SSE3_INSTRUCTIONS</key>
					<string>YES</string>
					<key>GCC_INLINES_ARE_PRIVATE_EXTERN</key>
					<string>NO</string>
					<key>GCC_OPTIMIZATION_LEVEL</key>
					<string>0</string>
					<key>GCC_SYMBOLS_PRIVATE_EXTERN</key>
					<string>NO</string>
					<key>GCC_WARN_ABOUT_DEPRECATED_FUNCTIONS</key>
					<string>YES</string>
					<key>GCC_WARN_ABOUT_INVALID_OFFSETOF_MACRO</key>
					<string>NO</string>
					<key>GCC_WARN_ALLOW_INCOMPLETE_PROTOCOL</key>
					<string>NO</string>
					<key>GCC_WARN_UNINITIALIZED_AUTOS</key>
					<string>NO</string>
					<key>GCC_WARN_UNUSED_VALUE</key>
					<string>NO</string>
					<key>GCC_WARN_UNUSED_VARIABLE</key>
					<string>NO</string>
					<key>MACOSX_DEPLOYMENT_TARGET</key>
					<string>10.8</string>
					<key>ONLY_ACTIVE_ARCH</key>
					<string>YES</string>
					<key>OTHER_CPLUSPLUSFLAGS</key>
					<array>
						<string>-D__MACOSX_CORE__</string>
						<string>-mtune=native</string>
					</array>
					<key>SDKROOT</key>
					<string>macosx</string>
				</dict>
				<key>isa</key>
				<string>XCBuildConfiguration</string>
				<key>name</key>
				<string>Debug</string>
			</dict>
			<key>E4B69B4F0A3A1720003C02F2</key>
			<dict>
				<key>baseConfigurationReference</key>
				<string>E4EB6923138AFD0F00A09F29</string>
				<key>buildSettings</key>
				<dict>
					<key>OTHER_LDFLAGS</key>
					<array>
						<string>$(OF_CORE_FRAMEWORKS) $(OF_CORE_LIBS)</string>
						<string>../../../addons/ofxOrbbecAstra/libs/astra/lib/osx/libAstra.dylib</string>
						<string>../../../addons/ofxOrbbecAstra/libs/astra/lib/osx/libAstraAPI.dylib</string>
						<string>../../../addons/ofxOrbbecAstra/libs/astra/lib/osx/libAstraUL.dylib</string>
					</array>
					<key>HEADER_SEARCH_PATHS</key>
					<array>
						<string>$(OF_CORE_HEADERS)</string>
						<string>src</string>
						<string>../../../addons/ofxDepthCamera/src</string>
						<string>../../../addons/ofxDepthCamera/src/adapters</string>
						<string>../../../addons/ofxDepthCamera/addons/ofxImageSequence/src</string>
						<string>../../../addons/ofxDepthCamera/addons/ofxImageSequencePlayback/src</string>
						<string>../../../addons/ofxDepthCamera/addons/ofxImageSequenceRecorder/src</string>
						<string>../../../addons/ofxOrbbecAstra/libs/astra/include/</string>
					</array>
					<key>CONFIGURATION_BUILD_DIR</key>
					<string>$(SRCROOT)/bin/</string>
					<key>COPY_PHASE_STRIP</key>
					<string>YES</string>
					<key>DEAD_CODE_STRIPPING</key>
					<string>YES</string>
					<key>GCC_AUTO_VECTORIZATION</key>
					<string>YES</string>
					<key>GCC_ENABLE_SSE3_EXTENSIONS</key>
					<string>YES</string>
					<key>GCC_ENABLE_SUPPLEMENTAL_SSE3_INSTRUCTIONS</key>
					<string>YES</string>
					<key>GCC_INLINES_ARE_PRIVATE_EXTERN</key>
					<string>NO</string>
					<key>GCC_OPTIMIZATION_LEVEL</key>
					<string>3</string>
					<key>GCC_SYMBOLS_PRIVATE_EXTERN</key>
					<string>NO</string>
					<key>GCC_UNROLL_LOOPS</key>
					<string>YES</string>
					<key>GCC_WARN_ABOUT_DEPRECATED_FUNCTIONS</key>
					<string>YES</string>
					<key>GCC_WARN_ABOUT_INVALID_OFFSETOF_MACRO</key>
					<string>NO</string>
					<key>GCC_WARN_ALLOW_INCOMPLETE_PROTOCOL</key>
					<string>NO</string>
					<key>GCC_WARN_UNINITIALIZED_AUTOS</key>
					<string>NO</string>
					<key>GCC_WARN_UNUSED_VALUE</key>
					<string>NO</string>
					<key>GCC_WARN_UNUSED_VARIABLE</key>
					<string>NO</string>
					<key>MACOSX_DEPLOYMENT_TARGET</key>
					<string>10.8</string>
					<key>OTHER_CPLUSPLUSFLAGS</key>
					<array>
						<string>-D__MACOSX_CORE__</string>
						<string>-mtune=native</string>
					</array>
					<key>SDKROOT</key>
					<string>macosx</string>
				</dict>
				<key>isa</key>
				<string>XCBuildConfiguration</string>
				<key>name</key>
				<string>Release</string>
			</dict>
			<key>E4B69B580A3A1756003C02F2</key>
			<dict>
				<key>buildActionMask</key>
				<string>2147483647</string>
				<key>files</key>
				<array>
					<string>E4B69E200A3A1BDC003C02F2</string>
					<string>E4B69E210A3A1BDC003C02F2</string>
					<string>F76E276371C86DEAF0B1257B</string>
					<string>24209C554E45781DD68E8347</string>
					<string>F2FE2856A43AD269A98603E3</string>
					<string>3C3529677EB4B0AAEEDF2D0A</string>
					<string>6650659DFFB3C8081454527C</string>
					<string>E878BD3FB6A9D57638059280</string>
					<string>CBFA105A79C6462E71304E02</string>
					<string>1C5F682C24F6BA67EE31098E</string>
					<string>BDF4EDBA88906D824D8884F0</string>
					<string>DCCDD3EAFFA3BB05C6C1AC1A</string>
					<string>EBF874561673BC7ACC82AF92</string>
				</array>
				<key>isa</key>
				<string>PBXSourcesBuildPhase</string>
				<key>runOnlyForDeploymentPostprocessing</key>
				<string>0</string>
			</dict>
			<key>E4B69B590A3A1756003C02F2</key>
			<dict>
				<key>buildActionMask</key>
				<string>2147483647</string>
				<key>files</key>
				<array>
					<string>E4328149138ABC9F0047C5CB</string>
				</array>
				<key>isa</key>
				<string>PBXFrameworksBuildPhase</string>
				<key>runOnlyForDeploymentPostprocessing</key>
				<string>0</string>
			</dict>
			<key>E4B69B5A0A3A1756003C02F2</key>
			<dict>
				<key>buildConfigurationList</key>
				<string>E4B69B5F0A3A1757003C02F2</string>
				<key>buildPhases</key>
				<array>
					<string>E4B69B580A3A1756003C02F2</string>
					<string>E4B69B590A3A1756003C02F2</string>
					<string>E4B6FFFD0C3F9AB9008CF71C</string>
					<string>E4C2427710CC5ABF004149E2</string>
				</array>
				<key>buildRules</key>
				<array />
				<key>dependencies</key>
				<array>
					<string>E4EEB9AC138B136A00A80321</string>
				</array>
				<key>isa</key>
				<string>PBXNativeTarget</string>
				<key>name</key>
				<string>example-refactor</string>
				<key>productName</key>
				<string>myOFApp</string>
				<key>productReference</key>
				<string>E4B69B5B0A3A1756003C02F2</string>
				<key>productType</key>
				<string>com.apple.product-type.application</string>
			</dict>
			<key>E4B69B5B0A3A1756003C02F2</key>
			<dict>
				<key>explicitFileType</key>
				<string>wrapper.application</string>
				<key>includeInIndex</key>
				<string>0</string>
				<key>isa</key>
				<string>PBXFileReference</string>
				<key>path</key>
				<string>example-refactorDebug.app</string>
				<key>sourceTree</key>
				<string>BUILT_PRODUCTS_DIR</string>
			</dict>
			<key>E4B69B5F0A3A1757003C02F2</key>
			<dict>
				<key>buildConfigurations</key>
				<array>
					<string>E4B69B600A3A1757003C02F2</string>
					<string>E4B69B610A3A1757003C02F2</string>
				</array>
				<key>defaultConfigurationIsVisible</key>
				<string>0</string>
				<key>defaultConfigurationName</key>
				<string>Release</string>
				<key>isa</key>
				<string>XCConfigurationList</string>
			</dict>
			<key>E4B69B600A3A1757003C02F2</key>
			<dict>
				<key>baseConfigurationReference</key>
				<string>E4EB6923138AFD0F00A09F29</string>
				<key>buildSettings</key>
				<dict>
					<key>OTHER_LDFLAGS</key>
					<array>
						<string>$(OF_CORE_FRAMEWORKS) $(OF_CORE_LIBS)</string>
						<string>../../../addons/ofxOrbbecAstra/libs/astra/lib/osx/libAstra.dylib</string>
						<string>../../../addons/ofxOrbbecAstra/libs/astra/lib/osx/libAstraAPI.dylib</string>
						<string>../../../addons/ofxOrbbecAstra/libs/astra/lib/osx/libAstraUL.dylib</string>
					</array>
					<key>HEADER_SEARCH_PATHS</key>
					<array>
						<string>$(OF_CORE_HEADERS)</string>
						<string>src</string>
						<string>../../../addons/ofxDepthCamera/src</string>
						<string>../../../addons/ofxDepthCamera/src/adapters</string>
						<string>../../../addons/ofxDepthCamera/addons/ofxImageSequence/src</string>
						<string>../../../addons/ofxDepthCamera/addons/ofxImageSequencePlayback/src</string>
						<string>../../../addons/ofxDepthCamera/addons/ofxImageSequenceRecorder/src</string>
						<string>../../../addons/ofxOrbbecAstra/libs/astra/include/</string>
					</array>
					<key>COMBINE_HIDPI_IMAGES</key>
					<string>YES</string>
					<key>COPY_PHASE_STRIP</key>
					<string>NO</string>
					<key>FRAMEWORK_SEARCH_PATHS</key>
					<array>
						<string>$(inherited)</string>
						<string>$(FRAMEWORK_SEARCH_PATHS_QUOTED_FOR_TARGET_1)</string>
					</array>
					<key>FRAMEWORK_SEARCH_PATHS_QUOTED_FOR_TARGET_1</key>
					<string>"$(SRCROOT)/../../../libs/glut/lib/osx"</string>
					<key>GCC_DYNAMIC_NO_PIC</key>
					<string>NO</string>
					<key>GCC_GENERATE_DEBUGGING_SYMBOLS</key>
					<string>YES</string>
					<key>GCC_MODEL_TUNING</key>
					<string>NONE</string>
					<key>ICON</key>
					<string>$(ICON_NAME_DEBUG)</string>
					<key>ICON_FILE</key>
					<string>$(ICON_FILE_PATH)$(ICON)</string>
					<key>INFOPLIST_FILE</key>
					<string>openFrameworks-Info.plist</string>
					<key>INSTALL_PATH</key>
					<string>$(HOME)/Applications</string>
					<key>LIBRARY_SEARCH_PATHS</key>
					<string>$(inherited)</string>
					<key>PRODUCT_NAME</key>
					<string>$(TARGET_NAME)Debug</string>
					<key>WRAPPER_EXTENSION</key>
					<string>app</string>
				</dict>
				<key>isa</key>
				<string>XCBuildConfiguration</string>
				<key>name</key>
				<string>Debug</string>
			</dict>
			<key>E4B69B610A3A1757003C02F2</key>
			<dict>
				<key>baseConfigurationReference</key>
				<string>E4EB6923138AFD0F00A09F29</string>
				<key>buildSettings</key>
				<dict>
					<key>OTHER_LDFLAGS</key>
					<array>
						<string>$(OF_CORE_FRAMEWORKS) $(OF_CORE_LIBS)</string>
						<string>../../../addons/ofxOrbbecAstra/libs/astra/lib/osx/libAstra.dylib</string>
						<string>../../../addons/ofxOrbbecAstra/libs/astra/lib/osx/libAstraAPI.dylib</string>
						<string>../../../addons/ofxOrbbecAstra/libs/astra/lib/osx/libAstraUL.dylib</string>
					</array>
					<key>HEADER_SEARCH_PATHS</key>
					<array>
						<string>$(OF_CORE_HEADERS)</string>
						<string>src</string>
						<string>../../../addons/ofxDepthCamera/src</string>
						<string>../../../addons/ofxDepthCamera/src/adapters</string>
						<string>../../../addons/ofxDepthCamera/addons/ofxImageSequence/src</string>
						<string>../../../addons/ofxDepthCamera/addons/ofxImageSequencePlayback/src</string>
						<string>../../../addons/ofxDepthCamera/addons/ofxImageSequenceRecorder/src</string>
						<string>../../../addons/ofxOrbbecAstra/libs/astra/include/</string>
					</array>
					<key>COMBINE_HIDPI_IMAGES</key>
					<string>YES</string>
					<key>COPY_PHASE_STRIP</key>
					<string>YES</string>
					<key>FRAMEWORK_SEARCH_PATHS</key>
					<array>
						<string>$(inherited)</string>
						<string>$(FRAMEWORK_SEARCH_PATHS_QUOTED_FOR_TARGET_1)</string>
					</array>
					<key>FRAMEWORK_SEARCH_PATHS_QUOTED_FOR_TARGET_1</key>
					<string>"$(SRCROOT)/../../../libs/glut/lib/osx"</string>
					<key>GCC_GENERATE_DEBUGGING_SYMBOLS</key>
					<string>YES</string>
					<key>GCC_MODEL_TUNING</key>
					<string>NONE</string>
					<key>ICON</key>
					<string>$(ICON_NAME_RELEASE)</string>
					<key>ICON_FILE</key>
					<string>$(ICON_FILE_PATH)$(ICON)</string>
					<key>INFOPLIST_FILE</key>
					<string>openFrameworks-Info.plist</string>
					<key>INSTALL_PATH</key>
					<string>$(HOME)/Applications</string>
					<key>LIBRARY_SEARCH_PATHS</key>
					<string>$(inherited)</string>
					<key>PRODUCT_NAME</key>
					<string>$(TARGET_NAME)</string>
					<key>WRAPPER_EXTENSION</key>
					<string>app</string>
					<key>baseConfigurationReference</key>
					<string>E4EB6923138AFD0F00A09F29</string>
				</dict>
				<key>isa</key>
				<string>XCBuildConfiguration</string>
				<key>name</key>
				<string>Release</string>
			</dict>
			<key>E4B69E1C0A3A1BDC003C02F2</key>
			<dict>
				<key>children</key>
				<array>
					<string>E4B69E1D0A3A1BDC003C02F2</string>
					<string>E4B69E1E0A3A1BDC003C02F2</string>
					<string>E4B69E1F0A3A1BDC003C02F2</string>
				</array>
				<key>isa</key>
				<string>PBXGroup</string>
				<key>path</key>
				<string>src</string>
				<key>sourceTree</key>
				<string>SOURCE_ROOT</string>
			</dict>
			<key>E4B69E1D0A3A1BDC003C02F2</key>
			<dict>
				<key>fileEncoding</key>
				<string>30</string>
				<key>isa</key>
				<string>PBXFileReference</string>
				<key>lastKnownFileType</key>
				<string>sourcecode.cpp.cpp</string>
				<key>name</key>
				<string>main.cpp</string>
				<key>path</key>
				<string>src/main.cpp</string>
				<key>sourceTree</key>
				<string>SOURCE_ROOT</string>
			</dict>
			<key>E4B69E1E0A3A1BDC003C02F2</key>
			<dict>
				<key>explicitFileType</key>
				<string>sourcecode.cpp.cpp</string>
				<key>fileEncoding</key>
				<string>30</string>
				<key>isa</key>
				<string>PBXFileReference</string>
				<key>name</key>
				<string>ofApp.cpp</string>
				<key>path</key>
				<string>src/ofApp.cpp</string>
				<key>sourceTree</key>
				<string>SOURCE_ROOT</string>
			</dict>
			<key>E4B69E1F0A3A1BDC003C02F2</key>
			<dict>
				<key>fileEncoding</key>
				<string>30</string>
				<key>isa</key>
				<string>PBXFileReference</string>
				<key>lastKnownFileType</key>
				<string>sourcecode.c.h</string>
				<key>name</key>
				<string>ofApp.h</string>
				<key>path</key>
				<string>src/ofApp.h</string>
				<key>sourceTree</key>
				<string>SOURCE_ROOT</string>
			</dict>
			<key>E4B69E200A3A1BDC003C02F2</key>
			<dict>
				<key>fileRef</key>
				<string>E4B69E1D0A3A1BDC003C02F2</string>
				<key>isa</key>
				<string>PBXBuildFile</string>
			</dict>
			<key>E4B69E210A3A1BDC003C02F2</key>
			<dict>
				<key>fileRef</key>
				<string>E4B69E1E0A3A1BDC003C02F2</string>
				<key>isa</key>
				<string>PBXBuildFile</string>
			</dict>
			<key>E4B6FCAD0C3E899E008CF71C</key>
			<dict>
				<key>fileEncoding</key>
				<string>30</string>
				<key>isa</key>
				<string>PBXFileReference</string>
				<key>lastKnownFileType</key>
				<string>text.plist.xml</string>
				<key>path</key>
				<string>openFrameworks-Info.plist</string>
				<key>sourceTree</key>
				<string>&lt;group&gt;</string>
			</dict>
			<key>E4B6FFFD0C3F9AB9008CF71C</key>
			<dict>
				<key>buildActionMask</key>
				<string>2147483647</string>
				<key>files</key>
				<array />
				<key>inputPaths</key>
				<array />
				<key>isa</key>
				<string>PBXShellScriptBuildPhase</string>
				<key>outputPaths</key>
				<array />
				<key>runOnlyForDeploymentPostprocessing</key>
				<string>0</string>
				<key>shellPath</key>
				<string>/bin/sh</string>
				<key>shellScript</key>
				<string>rsync -aved ../../../libs/fmodex/lib/osx/libfmodex.dylib "$TARGET_BUILD_DIR/$PRODUCT_NAME.app/Contents/MacOS/"; install_name_tool -change ./libfmodex.dylib @executable_path/libfmodex.dylib "$TARGET_BUILD_DIR/$PRODUCT_NAME.app/Contents/MacOS/$PRODUCT_NAME";
mkdir -p "$TARGET_BUILD_DIR/$PRODUCT_NAME.app/Contents/Resources/"
rsync -aved "$ICON_FILE" "$TARGET_BUILD_DIR/$PRODUCT_NAME.app/Contents/Resources/"
rsync -aved ../../../libs/glut/lib/osx/GLUT.framework "$TARGET_BUILD_DIR/$PRODUCT_NAME.app/Contents/Frameworks/"
</string>
			</dict>
			<key>E4C2427710CC5ABF004149E2</key>
			<dict>
				<key>buildActionMask</key>
				<string>2147483647</string>
				<key>dstPath</key>
				<string />
				<key>dstSubfolderSpec</key>
				<string>10</string>
				<key>files</key>
				<array />
				<key>isa</key>
				<string>PBXCopyFilesBuildPhase</string>
				<key>runOnlyForDeploymentPostprocessing</key>
				<string>0</string>
			</dict>
			<key>E4EB691F138AFCF100A09F29</key>
			<dict>
				<key>fileEncoding</key>
				<string>4</string>
				<key>isa</key>
				<string>PBXFileReference</string>
				<key>lastKnownFileType</key>
				<string>text.xcconfig</string>
				<key>name</key>
				<string>CoreOF.xcconfig</string>
				<key>path</key>
				<string>../../../libs/openFrameworksCompiled/project/osx/CoreOF.xcconfig</string>
				<key>sourceTree</key>
				<string>SOURCE_ROOT</string>
			</dict>
			<key>E4EB6923138AFD0F00A09F29</key>
			<dict>
				<key>fileEncoding</key>
				<string>4</string>
				<key>isa</key>
				<string>PBXFileReference</string>
				<key>lastKnownFileType</key>
				<string>text.xcconfig</string>
				<key>path</key>
				<string>Project.xcconfig</string>
				<key>sourceTree</key>
				<string>&lt;group&gt;</string>
			</dict>
			<key>E4EEB9AB138B136A00A80321</key>
			<dict>
				<key>containerPortal</key>
				<string>E4328143138ABC890047C5CB</string>
				<key>isa</key>
				<string>PBXContainerItemProxy</string>
				<key>proxyType</key>
				<string>1</string>
				<key>remoteGlobalIDString</key>
				<string>E4B27C1410CBEB8E00536013</string>
				<key>remoteInfo</key>
				<string>openFrameworks</string>
			</dict>
			<key>E4EEB9AC138B136A00A80321</key>
			<dict>
				<key>isa</key>
				<string>PBXTargetDependency</string>
				<key>name</key>
				<string>openFrameworks</string>
				<key>targetProxy</key>
				<string>E4EEB9AB138B136A00A80321</string>
			</dict>
			<key>E4EEC9E9138DF44700A80321</key>
			<dict>
				<key>children</key>
				<array>
					<string>E4EB691F138AFCF100A09F29</string>
					<string>E4328143138ABC890047C5CB</string>
				</array>
				<key>isa</key>
				<string>PBXGroup</string>
				<key>name</key>
				<string>openFrameworks</string>
				<key>sourceTree</key>
				<string>&lt;group&gt;</string>
			</dict>
		</dict>
		<key>rootObject</key>
		<string>E4B69B4C0A3A1720003C02F2</string>
	</dict>
</plist>
